
Microsoft Visual Studio Solution File, Format Version 12.00
# Visual Studio Version 17
VisualStudioVersion = 17.3.32929.385
MinimumVisualStudioVersion = 10.0.40219.1
Project("{8BC9CEB8-8B4A-11D0-8D11-00A0C91BC942}") = "ASSIGNMENT-3 (SAU)", "ASSIGNMENT-3 (SAU)\ASSIGNMENT-3 (SAU).vcxproj", "{DDAE693F-A234-429D-AA05-3589A86F6551}"
EndProject
Global
	GlobalSection(SolutionConfigurationPlatforms) = preSolution
		Debug|x64 = Debug|x64
		Debug|x86 = Debug|x86
		Release|x64 = Release|x64
		Release|x86 = Release|x86
	EndGlobalSection
	GlobalSection(ProjectConfigurationPlatforms) = postSolution
		{DDAE693F-A234-429D-AA05-3589A86F6551}.Debug|x64.ActiveCfg = Debug|x64
		{DDAE693F-A234-429D-AA05-3589A86F6551}.Debug|x64.Build.0 = Debug|x64
		{DDAE693F-A234-429D-AA05-3589A86F6551}.Debug|x86.ActiveCfg = Debug|Win32
		{DDAE693F-A234-429D-AA05-3589A86F6551}.Debug|x86.Build.0 = Debug|Win32
		{DDAE693F-A234-429D-AA05-3589A86F6551}.Release|x64.ActiveCfg = Release|x64
		{DDAE693F-A234-429D-AA05-3589A86F6551}.Release|x64.Build.0 = Release|x64
		{DDAE693F-A234-429D-AA05-3589A86F6551}.Release|x86.ActiveCfg = Release|Win32
		{DDAE693F-A234-429D-AA05-3589A86F6551}.Release|x86.Build.0 = Release|Win32
	EndGlobalSection
	GlobalSection(SolutionProperties) = preSolution
		HideSolutionNode = FALSE
	EndGlobalSection
	GlobalSection(ExtensibilityGlobals) = postSolution
		SolutionGuid = {B5E9FEC2-2382-4B92-A5D7-5CD7D15B4BD7}
	EndGlobalSection
EndGlobal
